// !$*UTF8*$!
{
	archiveVersion = 1;
	classes = {
	};
	objectVersion = 50;
	objects = {

/* Begin PBXBuildFile section */
		97186BA3239460AE00629B3C /* ThoughtInputAlertController.swift in Sources */ = {isa = PBXBuildFile; fileRef = 97186BA2239460AE00629B3C /* ThoughtInputAlertController.swift */; };
		CEE3244A2385A64700611E10 /* AppDelegate.swift in Sources */ = {isa = PBXBuildFile; fileRef = CEE324492385A64700611E10 /* AppDelegate.swift */; };
		CEE3244C2385A64700611E10 /* SceneDelegate.swift in Sources */ = {isa = PBXBuildFile; fileRef = CEE3244B2385A64700611E10 /* SceneDelegate.swift */; };
		CEE324512385A64700611E10 /* Main.storyboard in Resources */ = {isa = PBXBuildFile; fileRef = CEE3244F2385A64700611E10 /* Main.storyboard */; };
		CEE324532385A64900611E10 /* Assets.xcassets in Resources */ = {isa = PBXBuildFile; fileRef = CEE324522385A64900611E10 /* Assets.xcassets */; };
		CEE324562385A64900611E10 /* LaunchScreen.storyboard in Resources */ = {isa = PBXBuildFile; fileRef = CEE324542385A64900611E10 /* LaunchScreen.storyboard */; };
		CEE324612385A7B500611E10 /* ThoughtCollectionViewCell.swift in Sources */ = {isa = PBXBuildFile; fileRef = CEE324602385A7B500611E10 /* ThoughtCollectionViewCell.swift */; };
		CEE324632385A80800611E10 /* ThoughtsTableViewController.swift in Sources */ = {isa = PBXBuildFile; fileRef = CEE324622385A80800611E10 /* ThoughtsTableViewController.swift */; };
		CEE324662385AE3300611E10 /* ThoughtModel.swift in Sources */ = {isa = PBXBuildFile; fileRef = CEE324652385AE3300611E10 /* ThoughtModel.swift */; };
		CEE324692385B3B500611E10 /* ThoughtCategoryModel.swift in Sources */ = {isa = PBXBuildFile; fileRef = CEE324682385B3B500611E10 /* ThoughtCategoryModel.swift */; };
/* End PBXBuildFile section */

/* Begin PBXFileReference section */
		97186BA2239460AE00629B3C /* ThoughtInputAlertController.swift */ = {isa = PBXFileReference; lastKnownFileType = sourcecode.swift; name = ThoughtInputAlertController.swift; path = ThoughtKeeper/View/ThoughtInputAlertController.swift; sourceTree = SOURCE_ROOT; };
		CEE324462385A64700611E10 /* ThoughtKeeper.app */ = {isa = PBXFileReference; explicitFileType = wrapper.application; includeInIndex = 0; path = ThoughtKeeper.app; sourceTree = BUILT_PRODUCTS_DIR; };
		CEE324492385A64700611E10 /* AppDelegate.swift */ = {isa = PBXFileReference; lastKnownFileType = sourcecode.swift; path = AppDelegate.swift; sourceTree = "<group>"; };
		CEE3244B2385A64700611E10 /* SceneDelegate.swift */ = {isa = PBXFileReference; lastKnownFileType = sourcecode.swift; path = SceneDelegate.swift; sourceTree = "<group>"; };
		CEE324502385A64700611E10 /* Base */ = {isa = PBXFileReference; lastKnownFileType = file.storyboard; name = Base; path = Base.lproj/Main.storyboard; sourceTree = "<group>"; };
		CEE324522385A64900611E10 /* Assets.xcassets */ = {isa = PBXFileReference; lastKnownFileType = folder.assetcatalog; path = Assets.xcassets; sourceTree = "<group>"; };
		CEE324552385A64900611E10 /* Base */ = {isa = PBXFileReference; lastKnownFileType = file.storyboard; name = Base; path = Base.lproj/LaunchScreen.storyboard; sourceTree = "<group>"; };
		CEE324572385A64900611E10 /* Info.plist */ = {isa = PBXFileReference; lastKnownFileType = text.plist.xml; path = Info.plist; sourceTree = "<group>"; };
		CEE324602385A7B500611E10 /* ThoughtCollectionViewCell.swift */ = {isa = PBXFileReference; lastKnownFileType = sourcecode.swift; path = ThoughtCollectionViewCell.swift; sourceTree = "<group>"; };
		CEE324622385A80800611E10 /* ThoughtsTableViewController.swift */ = {isa = PBXFileReference; lastKnownFileType = sourcecode.swift; path = ThoughtsTableViewController.swift; sourceTree = "<group>"; };
		CEE324652385AE3300611E10 /* ThoughtModel.swift */ = {isa = PBXFileReference; lastKnownFileType = sourcecode.swift; path = ThoughtModel.swift; sourceTree = "<group>"; };
		CEE324682385B3B500611E10 /* ThoughtCategoryModel.swift */ = {isa = PBXFileReference; lastKnownFileType = sourcecode.swift; path = ThoughtCategoryModel.swift; sourceTree = "<group>"; };
/* End PBXFileReference section */

/* Begin PBXFrameworksBuildPhase section */
		CEE324432385A64700611E10 /* Frameworks */ = {
			isa = PBXFrameworksBuildPhase;
			buildActionMask = 2147483647;
			files = (
			);
			runOnlyForDeploymentPostprocessing = 0;
		};
/* End PBXFrameworksBuildPhase section */

/* Begin PBXGroup section */
		CEE3243D2385A64700611E10 = {
			isa = PBXGroup;
			children = (
				CEE324482385A64700611E10 /* ThoughtKeeper */,
				CEE324472385A64700611E10 /* Products */,
			);
			sourceTree = "<group>";
		};
		CEE324472385A64700611E10 /* Products */ = {
			isa = PBXGroup;
			children = (
				CEE324462385A64700611E10 /* ThoughtKeeper.app */,
			);
			name = Products;
			sourceTree = "<group>";
		};
		CEE324482385A64700611E10 /* ThoughtKeeper */ = {
			isa = PBXGroup;
			children = (
				CEE324672385AE3E00611E10 /* Models */,
				CEE3245F2385A6C700611E10 /* View */,
				CEE324642385A81700611E10 /* Controllers */,
				CEE3245E2385A6B100611E10 /* AppDelegates */,
				CEE3245D2385A69F00611E10 /* Property Lists */,
				CEE324522385A64900611E10 /* Assets.xcassets */,
			);
			path = ThoughtKeeper;
			sourceTree = "<group>";
		};
		CEE3245D2385A69F00611E10 /* Property Lists */ = {
			isa = PBXGroup;
			children = (
				CEE324572385A64900611E10 /* Info.plist */,
			);
			path = "Property Lists";
			sourceTree = "<group>";
		};
		CEE3245E2385A6B100611E10 /* AppDelegates */ = {
			isa = PBXGroup;
			children = (
				CEE324492385A64700611E10 /* AppDelegate.swift */,
				CEE3244B2385A64700611E10 /* SceneDelegate.swift */,
			);
			path = AppDelegates;
			sourceTree = "<group>";
		};
		CEE3245F2385A6C700611E10 /* View */ = {
			isa = PBXGroup;
			children = (
				CEE3244F2385A64700611E10 /* Main.storyboard */,
				CEE324602385A7B500611E10 /* ThoughtCollectionViewCell.swift */,
				CEE324542385A64900611E10 /* LaunchScreen.storyboard */,
			);
			path = View;
			sourceTree = "<group>";
		};
		CEE324642385A81700611E10 /* Controllers */ = {
			isa = PBXGroup;
			children = (
				97186BA2239460AE00629B3C /* ThoughtInputAlertController.swift */,
				CEE324622385A80800611E10 /* ThoughtsTableViewController.swift */,
			);
			path = Controllers;
			sourceTree = "<group>";
		};
		CEE324672385AE3E00611E10 /* Models */ = {
			isa = PBXGroup;
			children = (
				CEE324652385AE3300611E10 /* ThoughtModel.swift */,
				CEE324682385B3B500611E10 /* ThoughtCategoryModel.swift */,
			);
			path = Models;
			sourceTree = "<group>";
		};
/* End PBXGroup section */

/* Begin PBXNativeTarget section */
		CEE324452385A64700611E10 /* ThoughtKeeper */ = {
			isa = PBXNativeTarget;
			buildConfigurationList = CEE3245A2385A64900611E10 /* Build configuration list for PBXNativeTarget "ThoughtKeeper" */;
			buildPhases = (
				CEE324422385A64700611E10 /* Sources */,
				CEE324432385A64700611E10 /* Frameworks */,
				CEE324442385A64700611E10 /* Resources */,
			);
			buildRules = (
			);
			dependencies = (
			);
			name = ThoughtKeeper;
			productName = ThoughtKeeper;
			productReference = CEE324462385A64700611E10 /* ThoughtKeeper.app */;
			productType = "com.apple.product-type.application";
		};
/* End PBXNativeTarget section */

/* Begin PBXProject section */
		CEE3243E2385A64700611E10 /* Project object */ = {
			isa = PBXProject;
			attributes = {
				LastSwiftUpdateCheck = 1110;
				LastUpgradeCheck = 1110;
				ORGANIZATIONNAME = "Бизнес в стиле .RU";
				TargetAttributes = {
					CEE324452385A64700611E10 = {
						CreatedOnToolsVersion = 11.1;
					};
				};
			};
			buildConfigurationList = CEE324412385A64700611E10 /* Build configuration list for PBXProject "ThoughtKeeper" */;
			compatibilityVersion = "Xcode 9.3";
			developmentRegion = en;
			hasScannedForEncodings = 0;
			knownRegions = (
				en,
				Base,
			);
			mainGroup = CEE3243D2385A64700611E10;
			productRefGroup = CEE324472385A64700611E10 /* Products */;
			projectDirPath = "";
			projectRoot = "";
			targets = (
				CEE324452385A64700611E10 /* ThoughtKeeper */,
			);
		};
/* End PBXProject section */

/* Begin PBXResourcesBuildPhase section */
		CEE324442385A64700611E10 /* Resources */ = {
			isa = PBXResourcesBuildPhase;
			buildActionMask = 2147483647;
			files = (
				CEE324562385A64900611E10 /* LaunchScreen.storyboard in Resources */,
				CEE324532385A64900611E10 /* Assets.xcassets in Resources */,
				CEE324512385A64700611E10 /* Main.storyboard in Resources */,
			);
			runOnlyForDeploymentPostprocessing = 0;
		};
/* End PBXResourcesBuildPhase section */

/* Begin PBXSourcesBuildPhase section */
		CEE324422385A64700611E10 /* Sources */ = {
			isa = PBXSourcesBuildPhase;
			buildActionMask = 2147483647;
			files = (
				CEE324612385A7B500611E10 /* ThoughtCollectionViewCell.swift in Sources */,
				CEE3244A2385A64700611E10 /* AppDelegate.swift in Sources */,
				CEE3244C2385A64700611E10 /* SceneDelegate.swift in Sources */,
				97186BA3239460AE00629B3C /* ThoughtInputAlertController.swift in Sources */,
				CEE324692385B3B500611E10 /* ThoughtCategoryModel.swift in Sources */,
				CEE324662385AE3300611E10 /* ThoughtModel.swift in Sources */,
				CEE324632385A80800611E10 /* ThoughtsTableViewController.swift in Sources */,
			);
			runOnlyForDeploymentPostprocessing = 0;
		};
/* End PBXSourcesBuildPhase section */

/* Begin PBXVariantGroup section */
		CEE3244F2385A64700611E10 /* Main.storyboard */ = {
			isa = PBXVariantGroup;
			children = (
				CEE324502385A64700611E10 /* Base */,
			);
			name = Main.storyboard;
			sourceTree = "<group>";
		};
		CEE324542385A64900611E10 /* LaunchScreen.storyboard */ = {
			isa = PBXVariantGroup;
			children = (
				CEE324552385A64900611E10 /* Base */,
			);
			name = LaunchScreen.storyboard;
			sourceTree = "<group>";
		};
/* End PBXVariantGroup section */

/* Begin XCBuildConfiguration section */
		CEE324582385A64900611E10 /* Debug */ = {
			isa = XCBuildConfiguration;
			buildSettings = {
				ALWAYS_SEARCH_USER_PATHS = NO;
				CLANG_ANALYZER_NONNULL = YES;
				CLANG_ANALYZER_NUMBER_OBJECT_CONVERSION = YES_AGGRESSIVE;
				CLANG_CXX_LANGUAGE_STANDARD = "gnu++14";
				CLANG_CXX_LIBRARY = "libc++";
				CLANG_ENABLE_MODULES = YES;
				CLANG_ENABLE_OBJC_ARC = YES;
				CLANG_ENABLE_OBJC_WEAK = YES;
				CLANG_WARN_BLOCK_CAPTURE_AUTORELEASING = YES;
				CLANG_WARN_BOOL_CONVERSION = YES;
				CLANG_WARN_COMMA = YES;
				CLANG_WARN_CONSTANT_CONVERSION = YES;
				CLANG_WARN_DEPRECATED_OBJC_IMPLEMENTATIONS = YES;
				CLANG_WARN_DIRECT_OBJC_ISA_USAGE = YES_ERROR;
				CLANG_WARN_DOCUMENTATION_COMMENTS = YES;
				CLANG_WARN_EMPTY_BODY = YES;
				CLANG_WARN_ENUM_CONVERSION = YES;
				CLANG_WARN_INFINITE_RECURSION = YES;
				CLANG_WARN_INT_CONVERSION = YES;
				CLANG_WARN_NON_LITERAL_NULL_CONVERSION = YES;
				CLANG_WARN_OBJC_IMPLICIT_RETAIN_SELF = YES;
				CLANG_WARN_OBJC_LITERAL_CONVERSION = YES;
				CLANG_WARN_OBJC_ROOT_CLASS = YES_ERROR;
				CLANG_WARN_RANGE_LOOP_ANALYSIS = YES;
				CLANG_WARN_STRICT_PROTOTYPES = YES;
				CLANG_WARN_SUSPICIOUS_MOVE = YES;
				CLANG_WARN_UNGUARDED_AVAILABILITY = YES_AGGRESSIVE;
				CLANG_WARN_UNREACHABLE_CODE = YES;
				CLANG_WARN__DUPLICATE_METHOD_MATCH = YES;
				COPY_PHASE_STRIP = NO;
				DEBUG_INFORMATION_FORMAT = dwarf;
				ENABLE_STRICT_OBJC_MSGSEND = YES;
				ENABLE_TESTABILITY = YES;
				GCC_C_LANGUAGE_STANDARD = gnu11;
				GCC_DYNAMIC_NO_PIC = NO;
				GCC_NO_COMMON_BLOCKS = YES;
				GCC_OPTIMIZATION_LEVEL = 0;
				GCC_PREPROCESSOR_DEFINITIONS = (
					"DEBUG=1",
					"$(inherited)",
				);
				GCC_WARN_64_TO_32_BIT_CONVERSION = YES;
				GCC_WARN_ABOUT_RETURN_TYPE = YES_ERROR;
				GCC_WARN_UNDECLARED_SELECTOR = YES;
				GCC_WARN_UNINITIALIZED_AUTOS = YES_AGGRESSIVE;
				GCC_WARN_UNUSED_FUNCTION = YES;
				GCC_WARN_UNUSED_VARIABLE = YES;
				IPHONEOS_DEPLOYMENT_TARGET = 13.1;
				MTL_ENABLE_DEBUG_INFO = INCLUDE_SOURCE;
				MTL_FAST_MATH = YES;
				ONLY_ACTIVE_ARCH = YES;
				SDKROOT = iphoneos;
				SWIFT_ACTIVE_COMPILATION_CONDITIONS = DEBUG;
				SWIFT_OPTIMIZATION_LEVEL = "-Onone";
			};
			name = Debug;
		};
		CEE324592385A64900611E10 /* Release */ = {
			isa = XCBuildConfiguration;
			buildSettings = {
				ALWAYS_SEARCH_USER_PATHS = NO;
				CLANG_ANALYZER_NONNULL = YES;
				CLANG_ANALYZER_NUMBER_OBJECT_CONVERSION = YES_AGGRESSIVE;
				CLANG_CXX_LANGUAGE_STANDARD = "gnu++14";
				CLANG_CXX_LIBRARY = "libc++";
				CLANG_ENABLE_MODULES = YES;
				CLANG_ENABLE_OBJC_ARC = YES;
				CLANG_ENABLE_OBJC_WEAK = YES;
				CLANG_WARN_BLOCK_CAPTURE_AUTORELEASING = YES;
				CLANG_WARN_BOOL_CONVERSION = YES;
				CLANG_WARN_COMMA = YES;
				CLANG_WARN_CONSTANT_CONVERSION = YES;
				CLANG_WARN_DEPRECATED_OBJC_IMPLEMENTATIONS = YES;
				CLANG_WARN_DIRECT_OBJC_ISA_USAGE = YES_ERROR;
				CLANG_WARN_DOCUMENTATION_COMMENTS = YES;
				CLANG_WARN_EMPTY_BODY = YES;
				CLANG_WARN_ENUM_CONVERSION = YES;
				CLANG_WARN_INFINITE_RECURSION = YES;
				CLANG_WARN_INT_CONVERSION = YES;
				CLANG_WARN_NON_LITERAL_NULL_CONVERSION = YES;
				CLANG_WARN_OBJC_IMPLICIT_RETAIN_SELF = YES;
				CLANG_WARN_OBJC_LITERAL_CONVERSION = YES;
				CLANG_WARN_OBJC_ROOT_CLASS = YES_ERROR;
				CLANG_WARN_RANGE_LOOP_ANALYSIS = YES;
				CLANG_WARN_STRICT_PROTOTYPES = YES;
				CLANG_WARN_SUSPICIOUS_MOVE = YES;
				CLANG_WARN_UNGUARDED_AVAILABILITY = YES_AGGRESSIVE;
				CLANG_WARN_UNREACHABLE_CODE = YES;
				CLANG_WARN__DUPLICATE_METHOD_MATCH = YES;
				COPY_PHASE_STRIP = NO;
				DEBUG_INFORMATION_FORMAT = "dwarf-with-dsym";
				ENABLE_NS_ASSERTIONS = NO;
				ENABLE_STRICT_OBJC_MSGSEND = YES;
				GCC_C_LANGUAGE_STANDARD = gnu11;
				GCC_NO_COMMON_BLOCKS = YES;
				GCC_WARN_64_TO_32_BIT_CONVERSION = YES;
				GCC_WARN_ABOUT_RETURN_TYPE = YES_ERROR;
				GCC_WARN_UNDECLARED_SELECTOR = YES;
				GCC_WARN_UNINITIALIZED_AUTOS = YES_AGGRESSIVE;
				GCC_WARN_UNUSED_FUNCTION = YES;
				GCC_WARN_UNUSED_VARIABLE = YES;
				IPHONEOS_DEPLOYMENT_TARGET = 13.1;
				MTL_ENABLE_DEBUG_INFO = NO;
				MTL_FAST_MATH = YES;
				SDKROOT = iphoneos;
				SWIFT_COMPILATION_MODE = wholemodule;
				SWIFT_OPTIMIZATION_LEVEL = "-O";
				VALIDATE_PRODUCT = YES;
			};
			name = Release;
		};
		CEE3245B2385A64900611E10 /* Debug */ = {
			isa = XCBuildConfiguration;
			buildSettings = {
				ASSETCATALOG_COMPILER_APPICON_NAME = AppIcon;
				CODE_SIGN_STYLE = Automatic;
				DEVELOPMENT_TEAM = L42U362EAE;
				INFOPLIST_FILE = "ThoughtKeeper/Property Lists/Info.plist";
				LD_RUNPATH_SEARCH_PATHS = (
					"$(inherited)",
					"@executable_path/Frameworks",
				);
				PRODUCT_BUNDLE_IDENTIFIER = Styleru.ThoughtKeeper;
				PRODUCT_NAME = "$(TARGET_NAME)";
				SWIFT_VERSION = 5.0;
				TARGETED_DEVICE_FAMILY = "1,2";
			};
			name = Debug;
		};
		CEE3245C2385A64900611E10 /* Release */ = {
			isa = XCBuildConfiguration;
			buildSettings = {
				ASSETCATALOG_COMPILER_APPICON_NAME = AppIcon;
				CODE_SIGN_STYLE = Automatic;
				DEVELOPMENT_TEAM = L42U362EAE;
				INFOPLIST_FILE = "ThoughtKeeper/Property Lists/Info.plist";
				LD_RUNPATH_SEARCH_PATHS = (
					"$(inherited)",
					"@executable_path/Frameworks",
				);
				PRODUCT_BUNDLE_IDENTIFIER = Styleru.ThoughtKeeper;
				PRODUCT_NAME = "$(TARGET_NAME)";
				SWIFT_VERSION = 5.0;
				TARGETED_DEVICE_FAMILY = "1,2";
			};
			name = Release;
		};
/* End XCBuildConfiguration section */

/* Begin XCConfigurationList section */
		CEE324412385A64700611E10 /* Build configuration list for PBXProject "ThoughtKeeper" */ = {
			isa = XCConfigurationList;
			buildConfigurations = (
				CEE324582385A64900611E10 /* Debug */,
				CEE324592385A64900611E10 /* Release */,
			);
			defaultConfigurationIsVisible = 0;
			defaultConfigurationName = Release;
		};
		CEE3245A2385A64900611E10 /* Build configuration list for PBXNativeTarget "ThoughtKeeper" */ = {
			isa = XCConfigurationList;
			buildConfigurations = (
				CEE3245B2385A64900611E10 /* Debug */,
				CEE3245C2385A64900611E10 /* Release */,
			);
			defaultConfigurationIsVisible = 0;
			defaultConfigurationName = Release;
		};
/* End XCConfigurationList section */
	};
	rootObject = CEE3243E2385A64700611E10 /* Project object */;
}
